
Microsoft Visual Studio Solution File, Format Version 12.00
# Visual Studio Version 17
VisualStudioVersion = 17.0.32112.339
MinimumVisualStudioVersion = 10.0.40219.1
Project("{FAE04EC0-301F-11D3-BF4B-00C04F79EFBC}") = "Agenda", "Agenda\Agenda.csproj", "{1E6BC667-651F-46E8-ABEC-601C74ACD247}"
EndProject
Project("{FAE04EC0-301F-11D3-BF4B-00C04F79EFBC}") = "BLL.", "BLL\BLL..csproj", "{B83539D0-1FAD-4828-88A3-E17C6E62F369}"
EndProject
Global
	GlobalSection(SolutionConfigurationPlatforms) = preSolution
		Debug|Any CPU = Debug|Any CPU
		Release|Any CPU = Release|Any CPU
	EndGlobalSection
	GlobalSection(ProjectConfigurationPlatforms) = postSolution
		{1E6BC667-651F-46E8-ABEC-601C74ACD247}.Debug|Any CPU.ActiveCfg = Debug|Any CPU
		{1E6BC667-651F-46E8-ABEC-601C74ACD247}.Debug|Any CPU.Build.0 = Debug|Any CPU
		{1E6BC667-651F-46E8-ABEC-601C74ACD247}.Release|Any CPU.ActiveCfg = Release|Any CPU
		{1E6BC667-651F-46E8-ABEC-601C74ACD247}.Release|Any CPU.Build.0 = Release|Any CPU
		{B83539D0-1FAD-4828-88A3-E17C6E62F369}.Debug|Any CPU.ActiveCfg = Debug|Any CPU
		{B83539D0-1FAD-4828-88A3-E17C6E62F369}.Debug|Any CPU.Build.0 = Debug|Any CPU
		{B83539D0-1FAD-4828-88A3-E17C6E62F369}.Release|Any CPU.ActiveCfg = Release|Any CPU
		{B83539D0-1FAD-4828-88A3-E17C6E62F369}.Release|Any CPU.Build.0 = Release|Any CPU
	EndGlobalSection
	GlobalSection(SolutionProperties) = preSolution
		HideSolutionNode = FALSE
	EndGlobalSection
	GlobalSection(ExtensibilityGlobals) = postSolution
		SolutionGuid = {B9DEA73D-97AA-41D6-9335-59F27D82454C}
	EndGlobalSection
EndGlobal
